
Microsoft Visual Studio Solution File, Format Version 12.00
# Visual Studio Version 16
VisualStudioVersion = 16.0.30503.244
MinimumVisualStudioVersion = 10.0.40219.1
Project("{9A19103F-16F7-4668-BE54-9A1E7A4F7556}") = "Industrial.IO", "Industrial.IO\Industrial.IO.csproj", "{EC3A6021-A0A4-4CA2-BEBD-50F1A651F282}"
EndProject
Project("{2150E333-8FDC-42A3-9474-1A3956D46DE8}") = "MF", "MF", "{C3585020-E5CE-4499-A314-4C7E4587E68D}"
EndProject
Project("{9A19103F-16F7-4668-BE54-9A1E7A4F7556}") = "Industrial.IO.Serial", "Industrial.IO.Serial\Industrial.IO.Serial.csproj", "{C5FCF119-E37E-465C-BCAD-FDC50535DC78}"
EndProject
Project("{FAE04EC0-301F-11D3-BF4B-00C04F79EFBC}") = "Industrial.IO.MF", "MF\Industrial.IO\Industrial.IO.MF.csproj", "{50FE5684-7AB7-4F1B-AE39-A4FFE36ECD44}"
EndProject
Project("{FAE04EC0-301F-11D3-BF4B-00C04F79EFBC}") = "Industrial.IO.Serial.MF", "MF\Industrial.IO.Serial\Industrial.IO.Serial.MF.csproj", "{8932ECD4-1F64-4D7B-BFEC-DBC9EAC591A9}"
EndProject
Project("{9A19103F-16F7-4668-BE54-9A1E7A4F7556}") = "Industrial.IO.Ethernet", "Industrial.IO.Ethernet\Industrial.IO.Ethernet.csproj", "{DB97D00D-3DA0-46D8-8B90-15E377CBD86B}"
EndProject
Project("{FAE04EC0-301F-11D3-BF4B-00C04F79EFBC}") = "Industrial.IO.Ethernet.MF", "MF\Industrial.IO.Ethernet\Industrial.IO.Ethernet.MF.csproj", "{16EA4DE9-7978-409C-BD57-C84A4AA9FEFD}"
EndProject
Global
	GlobalSection(SolutionConfigurationPlatforms) = preSolution
		Debug|Any CPU = Debug|Any CPU
		Release|Any CPU = Release|Any CPU
	EndGlobalSection
	GlobalSection(ProjectConfigurationPlatforms) = postSolution
		{EC3A6021-A0A4-4CA2-BEBD-50F1A651F282}.Debug|Any CPU.ActiveCfg = Debug|Any CPU
		{EC3A6021-A0A4-4CA2-BEBD-50F1A651F282}.Debug|Any CPU.Build.0 = Debug|Any CPU
		{EC3A6021-A0A4-4CA2-BEBD-50F1A651F282}.Release|Any CPU.ActiveCfg = Release|Any CPU
		{EC3A6021-A0A4-4CA2-BEBD-50F1A651F282}.Release|Any CPU.Build.0 = Release|Any CPU
		{C5FCF119-E37E-465C-BCAD-FDC50535DC78}.Debug|Any CPU.ActiveCfg = Debug|Any CPU
		{C5FCF119-E37E-465C-BCAD-FDC50535DC78}.Debug|Any CPU.Build.0 = Debug|Any CPU
		{C5FCF119-E37E-465C-BCAD-FDC50535DC78}.Release|Any CPU.ActiveCfg = Release|Any CPU
		{C5FCF119-E37E-465C-BCAD-FDC50535DC78}.Release|Any CPU.Build.0 = Release|Any CPU
		{50FE5684-7AB7-4F1B-AE39-A4FFE36ECD44}.Debug|Any CPU.ActiveCfg = Debug|Any CPU
		{50FE5684-7AB7-4F1B-AE39-A4FFE36ECD44}.Debug|Any CPU.Build.0 = Debug|Any CPU
		{50FE5684-7AB7-4F1B-AE39-A4FFE36ECD44}.Release|Any CPU.ActiveCfg = Release|Any CPU
		{50FE5684-7AB7-4F1B-AE39-A4FFE36ECD44}.Release|Any CPU.Build.0 = Release|Any CPU
		{8932ECD4-1F64-4D7B-BFEC-DBC9EAC591A9}.Debug|Any CPU.ActiveCfg = Debug|Any CPU
		{8932ECD4-1F64-4D7B-BFEC-DBC9EAC591A9}.Debug|Any CPU.Build.0 = Debug|Any CPU
		{8932ECD4-1F64-4D7B-BFEC-DBC9EAC591A9}.Release|Any CPU.ActiveCfg = Release|Any CPU
		{8932ECD4-1F64-4D7B-BFEC-DBC9EAC591A9}.Release|Any CPU.Build.0 = Release|Any CPU
		{DB97D00D-3DA0-46D8-8B90-15E377CBD86B}.Debug|Any CPU.ActiveCfg = Debug|Any CPU
		{DB97D00D-3DA0-46D8-8B90-15E377CBD86B}.Debug|Any CPU.Build.0 = Debug|Any CPU
		{DB97D00D-3DA0-46D8-8B90-15E377CBD86B}.Release|Any CPU.ActiveCfg = Release|Any CPU
		{DB97D00D-3DA0-46D8-8B90-15E377CBD86B}.Release|Any CPU.Build.0 = Release|Any CPU
		{16EA4DE9-7978-409C-BD57-C84A4AA9FEFD}.Debug|Any CPU.ActiveCfg = Debug|Any CPU
		{16EA4DE9-7978-409C-BD57-C84A4AA9FEFD}.Debug|Any CPU.Build.0 = Debug|Any CPU
		{16EA4DE9-7978-409C-BD57-C84A4AA9FEFD}.Release|Any CPU.ActiveCfg = Release|Any CPU
		{16EA4DE9-7978-409C-BD57-C84A4AA9FEFD}.Release|Any CPU.Build.0 = Release|Any CPU
	EndGlobalSection
	GlobalSection(SolutionProperties) = preSolution
		HideSolutionNode = FALSE
	EndGlobalSection
	GlobalSection(NestedProjects) = preSolution
		{50FE5684-7AB7-4F1B-AE39-A4FFE36ECD44} = {C3585020-E5CE-4499-A314-4C7E4587E68D}
		{8932ECD4-1F64-4D7B-BFEC-DBC9EAC591A9} = {C3585020-E5CE-4499-A314-4C7E4587E68D}
		{16EA4DE9-7978-409C-BD57-C84A4AA9FEFD} = {C3585020-E5CE-4499-A314-4C7E4587E68D}
	EndGlobalSection
	GlobalSection(ExtensibilityGlobals) = postSolution
		SolutionGuid = {39325483-9EF1-43EE-B694-CC7001154969}
	EndGlobalSection
EndGlobal
